{
  "originHash" : "5e8e193f5064eb53206a8488bd473929c5ab1bdedfe8fc49f936a5387a901856",
  "pins" : [
    {
      "identity" : "mediapipe",
      "kind" : "remoteSourceControl",
      "location" : "https://github.com/google-ai-edge/mediapipe",
      "state" : {
        "branch" : "master",
        "revision" : "f6988c4769278bde600efd488dfc8645432dc92b"
      }
    }
  ],
  "version" : 3
}
